
Microsoft Visual Studio Solution File, Format Version 12.00
# Visual Studio Version 17
VisualStudioVersion = 17.0.31903.59
MinimumVisualStudioVersion = 10.0.40219.1
Project("{2150E333-8FDC-42A3-9474-1A3956D46DE8}") = "01-Core", "01-Core", "{A1B2C3D4-1234-5678-9ABC-DEF012345678}"
EndProject
Project("{2150E333-8FDC-42A3-9474-1A3956D46DE8}") = "01-Core-Common", "01-Core-Common", "{E1F2A3B4-5678-9ABC-DEF0-123456789ABC}"
EndProject
Project("{2150E333-8FDC-42A3-9474-1A3956D46DE8}") = "02-Infrastructure", "02-Infrastructure", "{B2C3D4E5-2345-6789-ABCD-EF0123456789}"
EndProject
Project("{2150E333-8FDC-42A3-9474-1A3956D46DE8}") = "03-Communication", "03-Communication", "{C3D4E5F6-3456-789A-BCDE-F01234567890}"
EndProject
Project("{2150E333-8FDC-42A3-9474-1A3956D46DE8}") = "04-Services", "04-Services", "{D4E5F6A7-4567-89AB-CDEF-012345678901}"
EndProject
Project("{2150E333-8FDC-42A3-9474-1A3956D46DE8}") = "05-UI", "05-UI", "{E5F6A7B8-5678-9ABC-DEF0-123456789012}"
EndProject
Project("{2150E333-8FDC-42A3-9474-1A3956D46DE8}") = "06-Modules", "06-Modules", "{F6A7B8C9-6789-ABCD-EF01-234567890123}"
EndProject
Project("{2150E333-8FDC-42A3-9474-1A3956D46DE8}") = "07-Plugins", "07-Plugins", "{A7B8C9D0-789A-BCDE-F012-345678901234}"
EndProject
Project("{2150E333-8FDC-42A3-9474-1A3956D46DE8}") = "08-Scripting", "08-Scripting", "{B8C9D0E1-89AB-CDEF-0123-456789012345}"
EndProject
Project("{2150E333-8FDC-42A3-9474-1A3956D46DE8}") = "09-Host", "09-Host", "{C9D0E1F2-9ABC-DEF0-1234-567890123456}"
EndProject
Project("{2150E333-8FDC-42A3-9474-1A3956D46DE8}") = "12-Tests", "12-Tests", "{D0E1F2A3-BCDE-F012-3456-789012345678}"
EndProject
Project("{2150E333-8FDC-42A3-9474-1A3956D46DE8}") = "11-Samples", "11-Samples", "{353AAD7C-07C6-07E8-0FB9-5FAAAAA501A0}"
EndProject
Project("{FAE04EC0-301F-11D3-BF4B-00C04F79EFBC}") = "Acme.Industrial.Samples", "11-Samples\Acme.Industrial.Samples.csproj", "{216271A3-F22C-49E8-BBAA-D1902F691564}"
EndProject
Project("{2150E333-8FDC-42A3-9474-1A3956D46DE8}") = "Controls", "Controls", "{F83A44C5-E008-9F0A-CCE4-9C5A21694CFC}"
EndProject
Project("{FAE04EC0-301F-11D3-BF4B-00C04F79EFBC}") = "Acme.Industrial.UI.Controls", "05-UI\Controls\Acme.Industrial.UI.Controls.csproj", "{31BEE921-EFB8-4740-9782-FA8844D07DA2}"
EndProject
Project("{FAE04EC0-301F-11D3-BF4B-00C04F79EFBC}") = "Acme.Industrial.UI", "05-UI\Acme.Industrial.UI\Acme.Industrial.UI.csproj", "{12A747F4-0507-4A87-832C-BEABCD1DF972}"
EndProject
Project("{FAE04EC0-301F-11D3-BF4B-00C04F79EFBC}") = "Acme.Industrial.Core", "01-Core\Acme.Industrial.Core\Acme.Industrial.Core.csproj", "{A2C76E2B-A29C-4267-AA70-795E716635DC}"
EndProject
Project("{FAE04EC0-301F-11D3-BF4B-00C04F79EFBC}") = "Acme.Industrial.Common", "01-Core\Acme.Industrial.Common\Acme.Industrial.Common.csproj", "{D3F4AE9F-BE13-48B6-ACBA-E04E9EB2A4A7}"
EndProject
Project("{FAE04EC0-301F-11D3-BF4B-00C04F79EFBC}") = "Acme.Industrial.Infrastructure", "02-Infrastructure\Acme.Industrial.Infrastructure\Acme.Industrial.Infrastructure.csproj", "{6DBF6F14-6C2D-4EF7-8BFE-510852214F85}"
EndProject
Global
	GlobalSection(SolutionConfigurationPlatforms) = preSolution
		Debug|Any CPU = Debug|Any CPU
		Debug|x64 = Debug|x64
		Debug|x86 = Debug|x86
		Release|Any CPU = Release|Any CPU
		Release|x64 = Release|x64
		Release|x86 = Release|x86
	EndGlobalSection
	GlobalSection(ProjectConfigurationPlatforms) = postSolution
		{216271A3-F22C-49E8-BBAA-D1902F691564}.Debug|Any CPU.ActiveCfg = Debug|Any CPU
		{216271A3-F22C-49E8-BBAA-D1902F691564}.Debug|Any CPU.Build.0 = Debug|Any CPU
		{216271A3-F22C-49E8-BBAA-D1902F691564}.Debug|x64.ActiveCfg = Debug|Any CPU
		{216271A3-F22C-49E8-BBAA-D1902F691564}.Debug|x64.Build.0 = Debug|Any CPU
		{216271A3-F22C-49E8-BBAA-D1902F691564}.Debug|x86.ActiveCfg = Debug|Any CPU
		{216271A3-F22C-49E8-BBAA-D1902F691564}.Debug|x86.Build.0 = Debug|Any CPU
		{216271A3-F22C-49E8-BBAA-D1902F691564}.Release|Any CPU.ActiveCfg = Release|Any CPU
		{216271A3-F22C-49E8-BBAA-D1902F691564}.Release|Any CPU.Build.0 = Release|Any CPU
		{216271A3-F22C-49E8-BBAA-D1902F691564}.Release|x64.ActiveCfg = Release|Any CPU
		{216271A3-F22C-49E8-BBAA-D1902F691564}.Release|x64.Build.0 = Release|Any CPU
		{216271A3-F22C-49E8-BBAA-D1902F691564}.Release|x86.ActiveCfg = Release|Any CPU
		{216271A3-F22C-49E8-BBAA-D1902F691564}.Release|x86.Build.0 = Release|Any CPU
		{31BEE921-EFB8-4740-9782-FA8844D07DA2}.Debug|Any CPU.ActiveCfg = Debug|Any CPU
		{31BEE921-EFB8-4740-9782-FA8844D07DA2}.Debug|Any CPU.Build.0 = Debug|Any CPU
		{31BEE921-EFB8-4740-9782-FA8844D07DA2}.Debug|x64.ActiveCfg = Debug|Any CPU
		{31BEE921-EFB8-4740-9782-FA8844D07DA2}.Debug|x64.Build.0 = Debug|Any CPU
		{31BEE921-EFB8-4740-9782-FA8844D07DA2}.Debug|x86.ActiveCfg = Debug|Any CPU
		{31BEE921-EFB8-4740-9782-FA8844D07DA2}.Debug|x86.Build.0 = Debug|Any CPU
		{31BEE921-EFB8-4740-9782-FA8844D07DA2}.Release|Any CPU.ActiveCfg = Release|Any CPU
		{31BEE921-EFB8-4740-9782-FA8844D07DA2}.Release|Any CPU.Build.0 = Release|Any CPU
		{31BEE921-EFB8-4740-9782-FA8844D07DA2}.Release|x64.ActiveCfg = Release|Any CPU
		{31BEE921-EFB8-4740-9782-FA8844D07DA2}.Release|x64.Build.0 = Release|Any CPU
		{31BEE921-EFB8-4740-9782-FA8844D07DA2}.Release|x86.ActiveCfg = Release|Any CPU
		{31BEE921-EFB8-4740-9782-FA8844D07DA2}.Release|x86.Build.0 = Release|Any CPU
		{12A747F4-0507-4A87-832C-BEABCD1DF972}.Debug|Any CPU.ActiveCfg = Debug|Any CPU
		{12A747F4-0507-4A87-832C-BEABCD1DF972}.Debug|Any CPU.Build.0 = Debug|Any CPU
		{12A747F4-0507-4A87-832C-BEABCD1DF972}.Debug|x64.ActiveCfg = Debug|Any CPU
		{12A747F4-0507-4A87-832C-BEABCD1DF972}.Debug|x64.Build.0 = Debug|Any CPU
		{12A747F4-0507-4A87-832C-BEABCD1DF972}.Debug|x86.ActiveCfg = Debug|Any CPU
		{12A747F4-0507-4A87-832C-BEABCD1DF972}.Debug|x86.Build.0 = Debug|Any CPU
		{12A747F4-0507-4A87-832C-BEABCD1DF972}.Release|Any CPU.ActiveCfg = Release|Any CPU
		{12A747F4-0507-4A87-832C-BEABCD1DF972}.Release|Any CPU.Build.0 = Release|Any CPU
		{12A747F4-0507-4A87-832C-BEABCD1DF972}.Release|x64.ActiveCfg = Release|Any CPU
		{12A747F4-0507-4A87-832C-BEABCD1DF972}.Release|x64.Build.0 = Release|Any CPU
		{12A747F4-0507-4A87-832C-BEABCD1DF972}.Release|x86.ActiveCfg = Release|Any CPU
		{12A747F4-0507-4A87-832C-BEABCD1DF972}.Release|x86.Build.0 = Release|Any CPU
		{A2C76E2B-A29C-4267-AA70-795E716635DC}.Debug|Any CPU.ActiveCfg = Debug|Any CPU
		{A2C76E2B-A29C-4267-AA70-795E716635DC}.Debug|Any CPU.Build.0 = Debug|Any CPU
		{A2C76E2B-A29C-4267-AA70-795E716635DC}.Debug|x64.ActiveCfg = Debug|Any CPU
		{A2C76E2B-A29C-4267-AA70-795E716635DC}.Debug|x64.Build.0 = Debug|Any CPU
		{A2C76E2B-A29C-4267-AA70-795E716635DC}.Debug|x86.ActiveCfg = Debug|Any CPU
		{A2C76E2B-A29C-4267-AA70-795E716635DC}.Debug|x86.Build.0 = Debug|Any CPU
		{A2C76E2B-A29C-4267-AA70-795E716635DC}.Release|Any CPU.ActiveCfg = Release|Any CPU
		{A2C76E2B-A29C-4267-AA70-795E716635DC}.Release|Any CPU.Build.0 = Release|Any CPU
		{A2C76E2B-A29C-4267-AA70-795E716635DC}.Release|x64.ActiveCfg = Release|Any CPU
		{A2C76E2B-A29C-4267-AA70-795E716635DC}.Release|x64.Build.0 = Release|Any CPU
		{A2C76E2B-A29C-4267-AA70-795E716635DC}.Release|x86.ActiveCfg = Release|Any CPU
		{A2C76E2B-A29C-4267-AA70-795E716635DC}.Release|x86.Build.0 = Release|Any CPU
		{D3F4AE9F-BE13-48B6-ACBA-E04E9EB2A4A7}.Debug|Any CPU.ActiveCfg = Debug|Any CPU
		{D3F4AE9F-BE13-48B6-ACBA-E04E9EB2A4A7}.Debug|Any CPU.Build.0 = Debug|Any CPU
		{D3F4AE9F-BE13-48B6-ACBA-E04E9EB2A4A7}.Debug|x64.ActiveCfg = Debug|Any CPU
		{D3F4AE9F-BE13-48B6-ACBA-E04E9EB2A4A7}.Debug|x64.Build.0 = Debug|Any CPU
		{D3F4AE9F-BE13-48B6-ACBA-E04E9EB2A4A7}.Debug|x86.ActiveCfg = Debug|Any CPU
		{D3F4AE9F-BE13-48B6-ACBA-E04E9EB2A4A7}.Debug|x86.Build.0 = Debug|Any CPU
		{D3F4AE9F-BE13-48B6-ACBA-E04E9EB2A4A7}.Release|Any CPU.ActiveCfg = Release|Any CPU
		{D3F4AE9F-BE13-48B6-ACBA-E04E9EB2A4A7}.Release|Any CPU.Build.0 = Release|Any CPU
		{D3F4AE9F-BE13-48B6-ACBA-E04E9EB2A4A7}.Release|x64.ActiveCfg = Release|Any CPU
		{D3F4AE9F-BE13-48B6-ACBA-E04E9EB2A4A7}.Release|x64.Build.0 = Release|Any CPU
		{D3F4AE9F-BE13-48B6-ACBA-E04E9EB2A4A7}.Release|x86.ActiveCfg = Release|Any CPU
		{D3F4AE9F-BE13-48B6-ACBA-E04E9EB2A4A7}.Release|x86.Build.0 = Release|Any CPU
		{6DBF6F14-6C2D-4EF7-8BFE-510852214F85}.Debug|Any CPU.ActiveCfg = Debug|Any CPU
		{6DBF6F14-6C2D-4EF7-8BFE-510852214F85}.Debug|Any CPU.Build.0 = Debug|Any CPU
		{6DBF6F14-6C2D-4EF7-8BFE-510852214F85}.Debug|x64.ActiveCfg = Debug|Any CPU
		{6DBF6F14-6C2D-4EF7-8BFE-510852214F85}.Debug|x64.Build.0 = Debug|Any CPU
		{6DBF6F14-6C2D-4EF7-8BFE-510852214F85}.Debug|x86.ActiveCfg = Debug|Any CPU
		{6DBF6F14-6C2D-4EF7-8BFE-510852214F85}.Debug|x86.Build.0 = Debug|Any CPU
		{6DBF6F14-6C2D-4EF7-8BFE-510852214F85}.Release|Any CPU.ActiveCfg = Release|Any CPU
		{6DBF6F14-6C2D-4EF7-8BFE-510852214F85}.Release|Any CPU.Build.0 = Release|Any CPU
		{6DBF6F14-6C2D-4EF7-8BFE-510852214F85}.Release|x64.ActiveCfg = Release|Any CPU
		{6DBF6F14-6C2D-4EF7-8BFE-510852214F85}.Release|x64.Build.0 = Release|Any CPU
		{6DBF6F14-6C2D-4EF7-8BFE-510852214F85}.Release|x86.ActiveCfg = Release|Any CPU
		{6DBF6F14-6C2D-4EF7-8BFE-510852214F85}.Release|x86.Build.0 = Release|Any CPU
	EndGlobalSection
	GlobalSection(SolutionProperties) = preSolution
		HideSolutionNode = FALSE
	EndGlobalSection
	GlobalSection(NestedProjects) = preSolution
		{216271A3-F22C-49E8-BBAA-D1902F691564} = {353AAD7C-07C6-07E8-0FB9-5FAAAAA501A0}
		{F83A44C5-E008-9F0A-CCE4-9C5A21694CFC} = {E5F6A7B8-5678-9ABC-DEF0-123456789012}
		{31BEE921-EFB8-4740-9782-FA8844D07DA2} = {F83A44C5-E008-9F0A-CCE4-9C5A21694CFC}
		{12A747F4-0507-4A87-832C-BEABCD1DF972} = {E5F6A7B8-5678-9ABC-DEF0-123456789012}
		{A2C76E2B-A29C-4267-AA70-795E716635DC} = {A1B2C3D4-1234-5678-9ABC-DEF012345678}
		{D3F4AE9F-BE13-48B6-ACBA-E04E9EB2A4A7} = {A1B2C3D4-1234-5678-9ABC-DEF012345678}
		{6DBF6F14-6C2D-4EF7-8BFE-510852214F85} = {B2C3D4E5-2345-6789-ABCD-EF0123456789}
	EndGlobalSection
EndGlobal
